
Microsoft Visual Studio Solution File, Format Version 12.00
# Visual Studio Version 16
VisualStudioVersion = 16.0.30309.148
MinimumVisualStudioVersion = 10.0.40219.1
Project("{FAE04EC0-301F-11D3-BF4B-00C04F79EFBC}") = "AndroidUtility", "AndroidUtility.csproj", "{308B04FD-373D-473A-B864-6F8DE693698C}"
EndProject
Global
	GlobalSection(SolutionConfigurationPlatforms) = preSolution
		Debug|Any CPU = Debug|Any CPU
		Release|Any CPU = Release|Any CPU
	EndGlobalSection
	GlobalSection(ProjectConfigurationPlatforms) = postSolution
		{308B04FD-373D-473A-B864-6F8DE693698C}.Debug|Any CPU.ActiveCfg = Debug|Any CPU
		{308B04FD-373D-473A-B864-6F8DE693698C}.Debug|Any CPU.Build.0 = Debug|Any CPU
		{308B04FD-373D-473A-B864-6F8DE693698C}.Release|Any CPU.ActiveCfg = Release|Any CPU
		{308B04FD-373D-473A-B864-6F8DE693698C}.Release|Any CPU.Build.0 = Release|Any CPU
	EndGlobalSection
	GlobalSection(SolutionProperties) = preSolution
		HideSolutionNode = FALSE
	EndGlobalSection
	GlobalSection(ExtensibilityGlobals) = postSolution
		SolutionGuid = {7BFA9576-9DDF-47C1-BBF5-E96C41A375F3}
	EndGlobalSection
EndGlobal
